
Microsoft Visual Studio Solution File, Format Version 12.00
# Visual Studio 15
VisualStudioVersion = 15.0.27703.2026
MinimumVisualStudioVersion = 10.0.40219.1
Project("{FAE04EC0-301F-11D3-BF4B-00C04F79EFBC}") = "LabJJ2", "LabJJ2\LabJJ2.csproj", "{8A90A8DE-C861-4BDD-A6A4-7B1BDF465DFE}"
EndProject
Global
	GlobalSection(SolutionConfigurationPlatforms) = preSolution
		Debug|Any CPU = Debug|Any CPU
		Release|Any CPU = Release|Any CPU
	EndGlobalSection
	GlobalSection(ProjectConfigurationPlatforms) = postSolution
		{8A90A8DE-C861-4BDD-A6A4-7B1BDF465DFE}.Debug|Any CPU.ActiveCfg = Debug|Any CPU
		{8A90A8DE-C861-4BDD-A6A4-7B1BDF465DFE}.Debug|Any CPU.Build.0 = Debug|Any CPU
		{8A90A8DE-C861-4BDD-A6A4-7B1BDF465DFE}.Release|Any CPU.ActiveCfg = Release|Any CPU
		{8A90A8DE-C861-4BDD-A6A4-7B1BDF465DFE}.Release|Any CPU.Build.0 = Release|Any CPU
	EndGlobalSection
	GlobalSection(SolutionProperties) = preSolution
		HideSolutionNode = FALSE
	EndGlobalSection
	GlobalSection(ExtensibilityGlobals) = postSolution
		SolutionGuid = {AEB0ACAD-FBF8-4902-B112-3DAD76F2A125}
	EndGlobalSection
EndGlobal
